
Microsoft Visual Studio Solution File, Format Version 12.00
# Visual Studio Version 16
VisualStudioVersion = 16.0.30204.135
MinimumVisualStudioVersion = 10.0.40219.1
Project("{FAE04EC0-301F-11D3-BF4B-00C04F79EFBC}") = "OnSideCountdown.UWP", "OnSideCountdown.UWP\OnSideCountdown.UWP.csproj", "{43151888-7224-49F5-981E-0DA8FF6CB342}"
EndProject
Project("{FAE04EC0-301F-11D3-BF4B-00C04F79EFBC}") = "OnSideCountdown.iOS", "OnSideCountdown.iOS\OnSideCountdown.iOS.csproj", "{7D57D582-CE64-4CC6-86D2-7288020BC2EE}"
EndProject
Project("{FAE04EC0-301F-11D3-BF4B-00C04F79EFBC}") = "OnSideCountdown", "OnSideCountdown\OnSideCountdown.csproj", "{89C7ABBC-63D7-48B2-9DF0-603E72225456}"
EndProject
Global
	GlobalSection(SolutionConfigurationPlatforms) = preSolution
		Debug|Any CPU = Debug|Any CPU
		Debug|ARM = Debug|ARM
		Debug|iPhone = Debug|iPhone
		Debug|iPhoneSimulator = Debug|iPhoneSimulator
		Debug|x64 = Debug|x64
		Debug|x86 = Debug|x86
		Release|Any CPU = Release|Any CPU
		Release|ARM = Release|ARM
		Release|iPhone = Release|iPhone
		Release|iPhoneSimulator = Release|iPhoneSimulator
		Release|x64 = Release|x64
		Release|x86 = Release|x86
	EndGlobalSection
	GlobalSection(ProjectConfigurationPlatforms) = postSolution
		{43151888-7224-49F5-981E-0DA8FF6CB342}.Debug|Any CPU.ActiveCfg = Debug|x86
		{43151888-7224-49F5-981E-0DA8FF6CB342}.Debug|Any CPU.Build.0 = Debug|x86
		{43151888-7224-49F5-981E-0DA8FF6CB342}.Debug|Any CPU.Deploy.0 = Debug|x86
		{43151888-7224-49F5-981E-0DA8FF6CB342}.Debug|ARM.ActiveCfg = Debug|ARM
		{43151888-7224-49F5-981E-0DA8FF6CB342}.Debug|ARM.Build.0 = Debug|ARM
		{43151888-7224-49F5-981E-0DA8FF6CB342}.Debug|ARM.Deploy.0 = Debug|ARM
		{43151888-7224-49F5-981E-0DA8FF6CB342}.Debug|iPhone.ActiveCfg = Debug|x86
		{43151888-7224-49F5-981E-0DA8FF6CB342}.Debug|iPhone.Build.0 = Debug|x86
		{43151888-7224-49F5-981E-0DA8FF6CB342}.Debug|iPhone.Deploy.0 = Debug|x86
		{43151888-7224-49F5-981E-0DA8FF6CB342}.Debug|iPhoneSimulator.ActiveCfg = Debug|x86
		{43151888-7224-49F5-981E-0DA8FF6CB342}.Debug|iPhoneSimulator.Build.0 = Debug|x86
		{43151888-7224-49F5-981E-0DA8FF6CB342}.Debug|iPhoneSimulator.Deploy.0 = Debug|x86
		{43151888-7224-49F5-981E-0DA8FF6CB342}.Debug|x64.ActiveCfg = Debug|x64
		{43151888-7224-49F5-981E-0DA8FF6CB342}.Debug|x64.Build.0 = Debug|x64
		{43151888-7224-49F5-981E-0DA8FF6CB342}.Debug|x64.Deploy.0 = Debug|x64
		{43151888-7224-49F5-981E-0DA8FF6CB342}.Debug|x86.ActiveCfg = Debug|x86
		{43151888-7224-49F5-981E-0DA8FF6CB342}.Debug|x86.Build.0 = Debug|x86
		{43151888-7224-49F5-981E-0DA8FF6CB342}.Debug|x86.Deploy.0 = Debug|x86
		{43151888-7224-49F5-981E-0DA8FF6CB342}.Release|Any CPU.ActiveCfg = Release|x86
		{43151888-7224-49F5-981E-0DA8FF6CB342}.Release|Any CPU.Build.0 = Release|x86
		{43151888-7224-49F5-981E-0DA8FF6CB342}.Release|Any CPU.Deploy.0 = Release|x86
		{43151888-7224-49F5-981E-0DA8FF6CB342}.Release|ARM.ActiveCfg = Release|ARM
		{43151888-7224-49F5-981E-0DA8FF6CB342}.Release|ARM.Build.0 = Release|ARM
		{43151888-7224-49F5-981E-0DA8FF6CB342}.Release|ARM.Deploy.0 = Release|ARM
		{43151888-7224-49F5-981E-0DA8FF6CB342}.Release|iPhone.ActiveCfg = Release|x86
		{43151888-7224-49F5-981E-0DA8FF6CB342}.Release|iPhone.Build.0 = Release|x86
		{43151888-7224-49F5-981E-0DA8FF6CB342}.Release|iPhone.Deploy.0 = Release|x86
		{43151888-7224-49F5-981E-0DA8FF6CB342}.Release|iPhoneSimulator.ActiveCfg = Release|x86
		{43151888-7224-49F5-981E-0DA8FF6CB342}.Release|iPhoneSimulator.Build.0 = Release|x86
		{43151888-7224-49F5-981E-0DA8FF6CB342}.Release|iPhoneSimulator.Deploy.0 = Release|x86
		{43151888-7224-49F5-981E-0DA8FF6CB342}.Release|x64.ActiveCfg = Release|x64
		{43151888-7224-49F5-981E-0DA8FF6CB342}.Release|x64.Build.0 = Release|x64
		{43151888-7224-49F5-981E-0DA8FF6CB342}.Release|x64.Deploy.0 = Release|x64
		{43151888-7224-49F5-981E-0DA8FF6CB342}.Release|x86.ActiveCfg = Release|x86
		{43151888-7224-49F5-981E-0DA8FF6CB342}.Release|x86.Build.0 = Release|x86
		{43151888-7224-49F5-981E-0DA8FF6CB342}.Release|x86.Deploy.0 = Release|x86
		{7D57D582-CE64-4CC6-86D2-7288020BC2EE}.Debug|Any CPU.ActiveCfg = Debug|iPhone
		{7D57D582-CE64-4CC6-86D2-7288020BC2EE}.Debug|Any CPU.Build.0 = Debug|iPhone
		{7D57D582-CE64-4CC6-86D2-7288020BC2EE}.Debug|Any CPU.Deploy.0 = Debug|iPhone
		{7D57D582-CE64-4CC6-86D2-7288020BC2EE}.Debug|ARM.ActiveCfg = Debug|iPhone
		{7D57D582-CE64-4CC6-86D2-7288020BC2EE}.Debug|ARM.Build.0 = Debug|iPhone
		{7D57D582-CE64-4CC6-86D2-7288020BC2EE}.Debug|ARM.Deploy.0 = Debug|iPhone
		{7D57D582-CE64-4CC6-86D2-7288020BC2EE}.Debug|iPhone.ActiveCfg = Debug|iPhone
		{7D57D582-CE64-4CC6-86D2-7288020BC2EE}.Debug|iPhone.Build.0 = Debug|iPhone
		{7D57D582-CE64-4CC6-86D2-7288020BC2EE}.Debug|iPhone.Deploy.0 = Debug|iPhone
		{7D57D582-CE64-4CC6-86D2-7288020BC2EE}.Debug|iPhoneSimulator.ActiveCfg = Debug|iPhoneSimulator
		{7D57D582-CE64-4CC6-86D2-7288020BC2EE}.Debug|iPhoneSimulator.Build.0 = Debug|iPhoneSimulator
		{7D57D582-CE64-4CC6-86D2-7288020BC2EE}.Debug|iPhoneSimulator.Deploy.0 = Debug|iPhoneSimulator
		{7D57D582-CE64-4CC6-86D2-7288020BC2EE}.Debug|x64.ActiveCfg = Debug|iPhone
		{7D57D582-CE64-4CC6-86D2-7288020BC2EE}.Debug|x64.Build.0 = Debug|iPhone
		{7D57D582-CE64-4CC6-86D2-7288020BC2EE}.Debug|x64.Deploy.0 = Debug|iPhone
		{7D57D582-CE64-4CC6-86D2-7288020BC2EE}.Debug|x86.ActiveCfg = Debug|iPhone
		{7D57D582-CE64-4CC6-86D2-7288020BC2EE}.Debug|x86.Build.0 = Debug|iPhone
		{7D57D582-CE64-4CC6-86D2-7288020BC2EE}.Debug|x86.Deploy.0 = Debug|iPhone
		{7D57D582-CE64-4CC6-86D2-7288020BC2EE}.Release|Any CPU.ActiveCfg = Release|iPhone
		{7D57D582-CE64-4CC6-86D2-7288020BC2EE}.Release|Any CPU.Build.0 = Release|iPhone
		{7D57D582-CE64-4CC6-86D2-7288020BC2EE}.Release|Any CPU.Deploy.0 = Release|iPhone
		{7D57D582-CE64-4CC6-86D2-7288020BC2EE}.Release|ARM.ActiveCfg = Release|iPhone
		{7D57D582-CE64-4CC6-86D2-7288020BC2EE}.Release|ARM.Build.0 = Release|iPhone
		{7D57D582-CE64-4CC6-86D2-7288020BC2EE}.Release|ARM.Deploy.0 = Release|iPhone
		{7D57D582-CE64-4CC6-86D2-7288020BC2EE}.Release|iPhone.ActiveCfg = Release|iPhone
		{7D57D582-CE64-4CC6-86D2-7288020BC2EE}.Release|iPhone.Build.0 = Release|iPhone
		{7D57D582-CE64-4CC6-86D2-7288020BC2EE}.Release|iPhone.Deploy.0 = Release|iPhone
		{7D57D582-CE64-4CC6-86D2-7288020BC2EE}.Release|iPhoneSimulator.ActiveCfg = Release|iPhoneSimulator
		{7D57D582-CE64-4CC6-86D2-7288020BC2EE}.Release|iPhoneSimulator.Build.0 = Release|iPhoneSimulator
		{7D57D582-CE64-4CC6-86D2-7288020BC2EE}.Release|iPhoneSimulator.Deploy.0 = Release|iPhoneSimulator
		{7D57D582-CE64-4CC6-86D2-7288020BC2EE}.Release|x64.ActiveCfg = Release|iPhone
		{7D57D582-CE64-4CC6-86D2-7288020BC2EE}.Release|x64.Build.0 = Release|iPhone
		{7D57D582-CE64-4CC6-86D2-7288020BC2EE}.Release|x64.Deploy.0 = Release|iPhone
		{7D57D582-CE64-4CC6-86D2-7288020BC2EE}.Release|x86.ActiveCfg = Release|iPhone
		{7D57D582-CE64-4CC6-86D2-7288020BC2EE}.Release|x86.Build.0 = Release|iPhone
		{7D57D582-CE64-4CC6-86D2-7288020BC2EE}.Release|x86.Deploy.0 = Release|iPhone
		{89C7ABBC-63D7-48B2-9DF0-603E72225456}.Debug|Any CPU.ActiveCfg = Debug|Any CPU
		{89C7ABBC-63D7-48B2-9DF0-603E72225456}.Debug|Any CPU.Build.0 = Debug|Any CPU
		{89C7ABBC-63D7-48B2-9DF0-603E72225456}.Debug|Any CPU.Deploy.0 = Debug|Any CPU
		{89C7ABBC-63D7-48B2-9DF0-603E72225456}.Debug|ARM.ActiveCfg = Debug|Any CPU
		{89C7ABBC-63D7-48B2-9DF0-603E72225456}.Debug|ARM.Build.0 = Debug|Any CPU
		{89C7ABBC-63D7-48B2-9DF0-603E72225456}.Debug|ARM.Deploy.0 = Debug|Any CPU
		{89C7ABBC-63D7-48B2-9DF0-603E72225456}.Debug|iPhone.ActiveCfg = Debug|Any CPU
		{89C7ABBC-63D7-48B2-9DF0-603E72225456}.Debug|iPhone.Build.0 = Debug|Any CPU
		{89C7ABBC-63D7-48B2-9DF0-603E72225456}.Debug|iPhone.Deploy.0 = Debug|Any CPU
		{89C7ABBC-63D7-48B2-9DF0-603E72225456}.Debug|iPhoneSimulator.ActiveCfg = Debug|Any CPU
		{89C7ABBC-63D7-48B2-9DF0-603E72225456}.Debug|iPhoneSimulator.Build.0 = Debug|Any CPU
		{89C7ABBC-63D7-48B2-9DF0-603E72225456}.Debug|iPhoneSimulator.Deploy.0 = Debug|Any CPU
		{89C7ABBC-63D7-48B2-9DF0-603E72225456}.Debug|x64.ActiveCfg = Debug|Any CPU
		{89C7ABBC-63D7-48B2-9DF0-603E72225456}.Debug|x64.Build.0 = Debug|Any CPU
		{89C7ABBC-63D7-48B2-9DF0-603E72225456}.Debug|x64.Deploy.0 = Debug|Any CPU
		{89C7ABBC-63D7-48B2-9DF0-603E72225456}.Debug|x86.ActiveCfg = Debug|Any CPU
		{89C7ABBC-63D7-48B2-9DF0-603E72225456}.Debug|x86.Build.0 = Debug|Any CPU
		{89C7ABBC-63D7-48B2-9DF0-603E72225456}.Debug|x86.Deploy.0 = Debug|Any CPU
		{89C7ABBC-63D7-48B2-9DF0-603E72225456}.Release|Any CPU.ActiveCfg = Release|Any CPU
		{89C7ABBC-63D7-48B2-9DF0-603E72225456}.Release|Any CPU.Build.0 = Release|Any CPU
		{89C7ABBC-63D7-48B2-9DF0-603E72225456}.Release|Any CPU.Deploy.0 = Release|Any CPU
		{89C7ABBC-63D7-48B2-9DF0-603E72225456}.Release|ARM.ActiveCfg = Release|Any CPU
		{89C7ABBC-63D7-48B2-9DF0-603E72225456}.Release|ARM.Build.0 = Release|Any CPU
		{89C7ABBC-63D7-48B2-9DF0-603E72225456}.Release|ARM.Deploy.0 = Release|Any CPU
		{89C7ABBC-63D7-48B2-9DF0-603E72225456}.Release|iPhone.ActiveCfg = Release|Any CPU
		{89C7ABBC-63D7-48B2-9DF0-603E72225456}.Release|iPhone.Build.0 = Release|Any CPU
		{89C7ABBC-63D7-48B2-9DF0-603E72225456}.Release|iPhone.Deploy.0 = Release|Any CPU
		{89C7ABBC-63D7-48B2-9DF0-603E72225456}.Release|iPhoneSimulator.ActiveCfg = Release|Any CPU
		{89C7ABBC-63D7-48B2-9DF0-603E72225456}.Release|iPhoneSimulator.Build.0 = Release|Any CPU
		{89C7ABBC-63D7-48B2-9DF0-603E72225456}.Release|iPhoneSimulator.Deploy.0 = Release|Any CPU
		{89C7ABBC-63D7-48B2-9DF0-603E72225456}.Release|x64.ActiveCfg = Release|Any CPU
		{89C7ABBC-63D7-48B2-9DF0-603E72225456}.Release|x64.Build.0 = Release|Any CPU
		{89C7ABBC-63D7-48B2-9DF0-603E72225456}.Release|x64.Deploy.0 = Release|Any CPU
		{89C7ABBC-63D7-48B2-9DF0-603E72225456}.Release|x86.ActiveCfg = Release|Any CPU
		{89C7ABBC-63D7-48B2-9DF0-603E72225456}.Release|x86.Build.0 = Release|Any CPU
		{89C7ABBC-63D7-48B2-9DF0-603E72225456}.Release|x86.Deploy.0 = Release|Any CPU
	EndGlobalSection
	GlobalSection(SolutionProperties) = preSolution
		HideSolutionNode = FALSE
	EndGlobalSection
	GlobalSection(ExtensibilityGlobals) = postSolution
		SolutionGuid = {A73BC3EB-F68C-494C-96A7-594C4F6E5E25}
	EndGlobalSection
EndGlobal
